Microsoft Visual Studio Solution File, Format Version 12.00
# Visual Studio 2012
Project("{FAE04EC0-301F-11D3-BF4B-00C04F79EFBC}") = "WPFMediaKit", "WPFMediaKit\WPFMediaKit.csproj", "{6030628D-EE93-4D61-B6BE-8B6AE99F3935}"
	ProjectSection(ProjectDependencies) = postProject
		{93795BD8-0E1B-4D6C-B5F4-B49533E8C7E8} = {93795BD8-0E1B-4D6C-B5F4-B49533E8C7E8}
	EndProjectSection
EndProject
Project("{FAE04EC0-301F-11D3-BF4B-00C04F79EFBC}") = "SampleApplication", "SampleApplication\SampleApplication.csproj", "{0FBBCF6E-EDA2-4E1F-B84C-7F448F22724E}"
	ProjectSection(ProjectDependencies) = postProject
		{93795BD8-0E1B-4D6C-B5F4-B49533E8C7E8} = {93795BD8-0E1B-4D6C-B5F4-B49533E8C7E8}
	EndProjectSection
EndProject
Project("{8BC9CEB8-8B4A-11D0-8D11-00A0C91BC942}") = "EVRPresenter", "EVRPresenter\EVRPresenter.vcxproj", "{93795BD8-0E1B-4D6C-B5F4-B49533E8C7E8}"
EndProject
Project("{8BC9CEB8-8B4A-11D0-8D11-00A0C91BC942}") = "EVRPresenterCommon - Do Not Build", "EVRPresenter\Common\Common.vcxproj", "{09DB943E-5D0F-4CEC-90CC-432FAFDBC109}"
EndProject
Global
	GlobalSection(SolutionConfigurationPlatforms) = preSolution
		Debug|x64 = Debug|x64
		Debug|X86 = Debug|X86
		Release|x64 = Release|x64
		Release|X86 = Release|X86
	EndGlobalSection
	GlobalSection(ProjectConfigurationPlatforms) = postSolution
		{6030628D-EE93-4D61-B6BE-8B6AE99F3935}.Debug|x64.ActiveCfg = Debug|x64
		{6030628D-EE93-4D61-B6BE-8B6AE99F3935}.Debug|x64.Build.0 = Debug|x64
		{6030628D-EE93-4D61-B6BE-8B6AE99F3935}.Debug|X86.ActiveCfg = Debug|x86
		{6030628D-EE93-4D61-B6BE-8B6AE99F3935}.Debug|X86.Build.0 = Debug|x86
		{6030628D-EE93-4D61-B6BE-8B6AE99F3935}.Release|x64.ActiveCfg = Release|x64
		{6030628D-EE93-4D61-B6BE-8B6AE99F3935}.Release|x64.Build.0 = Release|x64
		{6030628D-EE93-4D61-B6BE-8B6AE99F3935}.Release|X86.ActiveCfg = Release|x86
		{6030628D-EE93-4D61-B6BE-8B6AE99F3935}.Release|X86.Build.0 = Release|x86
		{0FBBCF6E-EDA2-4E1F-B84C-7F448F22724E}.Debug|x64.ActiveCfg = Debug|x64
		{0FBBCF6E-EDA2-4E1F-B84C-7F448F22724E}.Debug|x64.Build.0 = Debug|x64
		{0FBBCF6E-EDA2-4E1F-B84C-7F448F22724E}.Debug|X86.ActiveCfg = Debug|x86
		{0FBBCF6E-EDA2-4E1F-B84C-7F448F22724E}.Debug|X86.Build.0 = Debug|x86
		{0FBBCF6E-EDA2-4E1F-B84C-7F448F22724E}.Release|x64.ActiveCfg = Release|x64
		{0FBBCF6E-EDA2-4E1F-B84C-7F448F22724E}.Release|x64.Build.0 = Release|x64
		{0FBBCF6E-EDA2-4E1F-B84C-7F448F22724E}.Release|X86.ActiveCfg = Release|x86
		{0FBBCF6E-EDA2-4E1F-B84C-7F448F22724E}.Release|X86.Build.0 = Release|x86
		{93795BD8-0E1B-4D6C-B5F4-B49533E8C7E8}.Debug|x64.ActiveCfg = Debug|x64
		{93795BD8-0E1B-4D6C-B5F4-B49533E8C7E8}.Debug|x64.Build.0 = Debug|x64
		{93795BD8-0E1B-4D6C-B5F4-B49533E8C7E8}.Debug|X86.ActiveCfg = Debug|Win32
		{93795BD8-0E1B-4D6C-B5F4-B49533E8C7E8}.Debug|X86.Build.0 = Debug|Win32
		{93795BD8-0E1B-4D6C-B5F4-B49533E8C7E8}.Release|x64.ActiveCfg = Release|x64
		{93795BD8-0E1B-4D6C-B5F4-B49533E8C7E8}.Release|x64.Build.0 = Release|x64
		{93795BD8-0E1B-4D6C-B5F4-B49533E8C7E8}.Release|X86.ActiveCfg = Release|Win32
		{93795BD8-0E1B-4D6C-B5F4-B49533E8C7E8}.Release|X86.Build.0 = Release|Win32
		{09DB943E-5D0F-4CEC-90CC-432FAFDBC109}.Debug|x64.ActiveCfg = Debug|x64
		{09DB943E-5D0F-4CEC-90CC-432FAFDBC109}.Debug|X86.ActiveCfg = Debug|Win32
		{09DB943E-5D0F-4CEC-90CC-432FAFDBC109}.Release|x64.ActiveCfg = Release|x64
		{09DB943E-5D0F-4CEC-90CC-432FAFDBC109}.Release|X86.ActiveCfg = Release|Win32
	EndGlobalSection
	GlobalSection(SolutionProperties) = preSolution
		HideSolutionNode = FALSE
	EndGlobalSection
EndGlobal
